{
  "name": "fincode-php-client",
  "version": "1.0.0",
  "lockfileVersion": 3,
  "requires": true,
  "packages": {
    "": {
      "name": "fincode-php-client",
      "version": "1.0.0",
      "license": "ISC",
      "devDependencies": {
        "@quartetcom/openapi-generator-php-templates": "github:quartetcom/openapi-generator-php-templates#8.1"
      }
    },
    "node_modules/@quartetcom/openapi-generator-php-templates": {
      "version": "8.1.4",
      "resolved": "git+ssh://git@github.com/quartetcom/openapi-generator-php-templates.git#022db9681f7a4b9837442b0a30077aa6c32ffb71",
      "dev": true,
      "license": "MIT"
    }
  }
}
